
Microsoft Visual Studio Solution File, Format Version 12.00
# Visual Studio Version 17
VisualStudioVersion = 17.7.34202.233
MinimumVisualStudioVersion = 10.0.40219.1
Project("{FAE04EC0-301F-11D3-BF4B-00C04F79EFBC}") = "template_discordbot", "template_discordbot.csproj", "{10D81423-3BDC-4828-AC92-C41AEBC89F4E}"
EndProject
Global
	GlobalSection(SolutionConfigurationPlatforms) = preSolution
		Debug|Any CPU = Debug|Any CPU
		Release|Any CPU = Release|Any CPU
	EndGlobalSection
	GlobalSection(ProjectConfigurationPlatforms) = postSolution
		{10D81423-3BDC-4828-AC92-C41AEBC89F4E}.Debug|Any CPU.ActiveCfg = Debug|Any CPU
		{10D81423-3BDC-4828-AC92-C41AEBC89F4E}.Debug|Any CPU.Build.0 = Debug|Any CPU
		{10D81423-3BDC-4828-AC92-C41AEBC89F4E}.Release|Any CPU.ActiveCfg = Release|Any CPU
		{10D81423-3BDC-4828-AC92-C41AEBC89F4E}.Release|Any CPU.Build.0 = Release|Any CPU
	EndGlobalSection
	GlobalSection(SolutionProperties) = preSolution
		HideSolutionNode = FALSE
	EndGlobalSection
	GlobalSection(ExtensibilityGlobals) = postSolution
		SolutionGuid = {EDA89415-5DE8-4DC6-893E-E1B2C070C0EA}
	EndGlobalSection
EndGlobal
